
Microsoft Visual Studio Solution File, Format Version 12.00
# Visual Studio Version 17
VisualStudioVersion = 17.10.34928.147
MinimumVisualStudioVersion = 10.0.40219.1
Project("{9A19103F-16F7-4668-BE54-9A1E7A4F7556}") = "DockerDashboard", "DockerDashboard\DockerDashboard.csproj", "{DF03DD25-F710-459B-9FB6-5420F74B6361}"
EndProject
Project("{E53339B2-1760-4266-BCC7-CA923CBCF16C}") = "docker-compose", "docker-compose.dcproj", "{1D490778-8207-45D0-83DB-BE26B45CE710}"
EndProject
Project("{9A19103F-16F7-4668-BE54-9A1E7A4F7556}") = "DockerDashboard.Shared", "DockerDashboard.Shared\DockerDashboard.Shared.csproj", "{807EAD77-8D48-47C9-8E04-FB3D18B2B48A}"
EndProject
Project("{9A19103F-16F7-4668-BE54-9A1E7A4F7556}") = "DockerDashboard.Ui", "DockerDashboard.Ui\DockerDashboard.Ui.csproj", "{A3876115-0768-42BE-A356-D23E3553B22B}"
EndProject
Global
	GlobalSection(SolutionConfigurationPlatforms) = preSolution
		Debug|Any CPU = Debug|Any CPU
		Release|Any CPU = Release|Any CPU
	EndGlobalSection
	GlobalSection(ProjectConfigurationPlatforms) = postSolution
		{DF03DD25-F710-459B-9FB6-5420F74B6361}.Debug|Any CPU.ActiveCfg = Debug|Any CPU
		{DF03DD25-F710-459B-9FB6-5420F74B6361}.Debug|Any CPU.Build.0 = Debug|Any CPU
		{DF03DD25-F710-459B-9FB6-5420F74B6361}.Release|Any CPU.ActiveCfg = Release|Any CPU
		{DF03DD25-F710-459B-9FB6-5420F74B6361}.Release|Any CPU.Build.0 = Release|Any CPU
		{1D490778-8207-45D0-83DB-BE26B45CE710}.Debug|Any CPU.ActiveCfg = Debug|Any CPU
		{1D490778-8207-45D0-83DB-BE26B45CE710}.Debug|Any CPU.Build.0 = Debug|Any CPU
		{1D490778-8207-45D0-83DB-BE26B45CE710}.Release|Any CPU.ActiveCfg = Release|Any CPU
		{1D490778-8207-45D0-83DB-BE26B45CE710}.Release|Any CPU.Build.0 = Release|Any CPU
		{807EAD77-8D48-47C9-8E04-FB3D18B2B48A}.Debug|Any CPU.ActiveCfg = Debug|Any CPU
		{807EAD77-8D48-47C9-8E04-FB3D18B2B48A}.Debug|Any CPU.Build.0 = Debug|Any CPU
		{807EAD77-8D48-47C9-8E04-FB3D18B2B48A}.Release|Any CPU.ActiveCfg = Release|Any CPU
		{807EAD77-8D48-47C9-8E04-FB3D18B2B48A}.Release|Any CPU.Build.0 = Release|Any CPU
		{A3876115-0768-42BE-A356-D23E3553B22B}.Debug|Any CPU.ActiveCfg = Debug|Any CPU
		{A3876115-0768-42BE-A356-D23E3553B22B}.Debug|Any CPU.Build.0 = Debug|Any CPU
		{A3876115-0768-42BE-A356-D23E3553B22B}.Release|Any CPU.ActiveCfg = Release|Any CPU
		{A3876115-0768-42BE-A356-D23E3553B22B}.Release|Any CPU.Build.0 = Release|Any CPU
	EndGlobalSection
	GlobalSection(SolutionProperties) = preSolution
		HideSolutionNode = FALSE
	EndGlobalSection
	GlobalSection(ExtensibilityGlobals) = postSolution
		SolutionGuid = {088F5F3D-0FFF-4AD9-93A8-43F482FF5DBC}
	EndGlobalSection
EndGlobal
