
Microsoft Visual Studio Solution File, Format Version 12.00
# Visual Studio Version 17
VisualStudioVersion = 17.10.34928.147
MinimumVisualStudioVersion = 10.0.40219.1
Project("{9A19103F-16F7-4668-BE54-9A1E7A4F7556}") = "DockerDashboard", "DockerDashboard\DockerDashboard.csproj", "{DF03DD25-F710-459B-9FB6-5420F74B6361}"
EndProject
Project("{E53339B2-1760-4266-BCC7-CA923CBCF16C}") = "docker-compose", "docker-compose.dcproj", "{1D490778-8207-45D0-83DB-BE26B45CE710}"
EndProject
Project("{9A19103F-16F7-4668-BE54-9A1E7A4F7556}") = "DockerDashboard.Shared", "DockerDashboard.Shared\DockerDashboard.Shared.csproj", "{807EAD77-8D48-47C9-8E04-FB3D18B2B48A}"
EndProject
Project("{9A19103F-16F7-4668-BE54-9A1E7A4F7556}") = "DockerDashboard.Ui", "DockerDashboard.Ui\DockerDashboard.Ui.csproj", "{A3876115-0768-42BE-A356-D23E3553B22B}"
EndProject
Project("{2150E333-8FDC-42A3-9474-1A3956D46DE8}") = "Solution Items", "Solution Items", "{662F5505-6627-4F06-9800-1FD7F97302C0}"
	ProjectSection(SolutionItems) = preProject
		Directory.Build.props = Directory.Build.props
	EndProjectSection
EndProject
Project("{2150E333-8FDC-42A3-9474-1A3956D46DE8}") = "Tests", "Tests", "{2B7E05C3-A7DD-48F1-8FA5-465B6D830057}"
EndProject
Project("{9A19103F-16F7-4668-BE54-9A1E7A4F7556}") = "DockerDashboard.Host.Docker", "DockerDashboard.Host.Docker\DockerDashboard.Host.Docker.csproj", "{86F0E09C-C9DA-4E3A-AAFE-8DF62EF6EA18}"
EndProject
Project("{9A19103F-16F7-4668-BE54-9A1E7A4F7556}") = "DockerDashboard.Host.Demo", "DockerDashboard.Host.Demo\DockerDashboard.Host.Demo.csproj", "{8D6C6DCD-5375-43A6-A3AE-B6550A23A543}"
EndProject
Global
	GlobalSection(SolutionConfigurationPlatforms) = preSolution
		Debug|Any CPU = Debug|Any CPU
		Release|Any CPU = Release|Any CPU
	EndGlobalSection
	GlobalSection(ProjectConfigurationPlatforms) = postSolution
		{DF03DD25-F710-459B-9FB6-5420F74B6361}.Debug|Any CPU.ActiveCfg = Debug|Any CPU
		{DF03DD25-F710-459B-9FB6-5420F74B6361}.Debug|Any CPU.Build.0 = Debug|Any CPU
		{DF03DD25-F710-459B-9FB6-5420F74B6361}.Release|Any CPU.ActiveCfg = Release|Any CPU
		{DF03DD25-F710-459B-9FB6-5420F74B6361}.Release|Any CPU.Build.0 = Release|Any CPU
		{1D490778-8207-45D0-83DB-BE26B45CE710}.Debug|Any CPU.ActiveCfg = Debug|Any CPU
		{1D490778-8207-45D0-83DB-BE26B45CE710}.Debug|Any CPU.Build.0 = Debug|Any CPU
		{1D490778-8207-45D0-83DB-BE26B45CE710}.Release|Any CPU.ActiveCfg = Release|Any CPU
		{1D490778-8207-45D0-83DB-BE26B45CE710}.Release|Any CPU.Build.0 = Release|Any CPU
		{807EAD77-8D48-47C9-8E04-FB3D18B2B48A}.Debug|Any CPU.ActiveCfg = Debug|Any CPU
		{807EAD77-8D48-47C9-8E04-FB3D18B2B48A}.Debug|Any CPU.Build.0 = Debug|Any CPU
		{807EAD77-8D48-47C9-8E04-FB3D18B2B48A}.Release|Any CPU.ActiveCfg = Release|Any CPU
		{807EAD77-8D48-47C9-8E04-FB3D18B2B48A}.Release|Any CPU.Build.0 = Release|Any CPU
		{A3876115-0768-42BE-A356-D23E3553B22B}.Debug|Any CPU.ActiveCfg = Debug|Any CPU
		{A3876115-0768-42BE-A356-D23E3553B22B}.Debug|Any CPU.Build.0 = Debug|Any CPU
		{A3876115-0768-42BE-A356-D23E3553B22B}.Release|Any CPU.ActiveCfg = Release|Any CPU
		{A3876115-0768-42BE-A356-D23E3553B22B}.Release|Any CPU.Build.0 = Release|Any CPU
		{86F0E09C-C9DA-4E3A-AAFE-8DF62EF6EA18}.Debug|Any CPU.ActiveCfg = Debug|Any CPU
		{86F0E09C-C9DA-4E3A-AAFE-8DF62EF6EA18}.Debug|Any CPU.Build.0 = Debug|Any CPU
		{86F0E09C-C9DA-4E3A-AAFE-8DF62EF6EA18}.Release|Any CPU.ActiveCfg = Release|Any CPU
		{86F0E09C-C9DA-4E3A-AAFE-8DF62EF6EA18}.Release|Any CPU.Build.0 = Release|Any CPU
		{8D6C6DCD-5375-43A6-A3AE-B6550A23A543}.Debug|Any CPU.ActiveCfg = Debug|Any CPU
		{8D6C6DCD-5375-43A6-A3AE-B6550A23A543}.Debug|Any CPU.Build.0 = Debug|Any CPU
		{8D6C6DCD-5375-43A6-A3AE-B6550A23A543}.Release|Any CPU.ActiveCfg = Release|Any CPU
		{8D6C6DCD-5375-43A6-A3AE-B6550A23A543}.Release|Any CPU.Build.0 = Release|Any CPU
	EndGlobalSection
	GlobalSection(SolutionProperties) = preSolution
		HideSolutionNode = FALSE
	EndGlobalSection
	GlobalSection(ExtensibilityGlobals) = postSolution
		SolutionGuid = {088F5F3D-0FFF-4AD9-93A8-43F482FF5DBC}
	EndGlobalSection
EndGlobal
